PODS:
  - SnapKit (5.0.1)
  - SwiftLint (0.36.0)

DEPENDENCIES:
  - SnapKit
  - SwiftLint

SPEC REPOS:
  trunk:
    - SnapKit
    - SwiftLint

SPEC CHECKSUMS:
  SnapKit: 97b92857e3df3a0c71833cce143274bf6ef8e5eb
  SwiftLint: fc9859e4e1752340664851f667bb1898b9c90114

PODFILE CHECKSUM: f80d5b43a74ba18c92a41fc22e4a3c0786ecd465

COCOAPODS: 1.8.3
